
Microsoft Visual Studio Solution File, Format Version 12.00
# Visual Studio 15
VisualStudioVersion = 15.0.28307.1684
MinimumVisualStudioVersion = 10.0.40219.1
Project("{FAE04EC0-301F-11D3-BF4B-00C04F79EFBC}") = "eSyaPatientManagement.IF", "eSyaPatientManagement.IF\eSyaPatientManagement.IF.csproj", "{094FA2C0-F85E-4890-A2AC-950528968011}"
EndProject
Global
	GlobalSection(SolutionConfigurationPlatforms) = preSolution
		Debug|Any CPU = Debug|Any CPU
		Release|Any CPU = Release|Any CPU
	EndGlobalSection
	GlobalSection(ProjectConfigurationPlatforms) = postSolution
		{094FA2C0-F85E-4890-A2AC-950528968011}.Debug|Any CPU.ActiveCfg = Debug|Any CPU
		{094FA2C0-F85E-4890-A2AC-950528968011}.Debug|Any CPU.Build.0 = Debug|Any CPU
		{094FA2C0-F85E-4890-A2AC-950528968011}.Release|Any CPU.ActiveCfg = Release|Any CPU
		{094FA2C0-F85E-4890-A2AC-950528968011}.Release|Any CPU.Build.0 = Release|Any CPU
	EndGlobalSection
	GlobalSection(SolutionProperties) = preSolution
		HideSolutionNode = FALSE
	EndGlobalSection
	GlobalSection(ExtensibilityGlobals) = postSolution
		SolutionGuid = {3EB63D88-B367-43E8-9E38-670ECE3B3F99}
	EndGlobalSection
EndGlobal
